// !$*UTF8*$!
{
	archiveVersion = 1;
	classes = {
	};
	objectVersion = 50;
	objects = {

/* Begin PBXBuildFile section */
		2200F33C238251BE00615764 /* AppDelegate.swift in Sources */ = {isa = PBXBuildFile; fileRef = 2200F33B238251BE00615764 /* AppDelegate.swift */; };
		2200F33E238251BE00615764 /* SceneDelegate.swift in Sources */ = {isa = PBXBuildFile; fileRef = 2200F33D238251BE00615764 /* SceneDelegate.swift */; };
		2200F340238251BE00615764 /* ViewController.swift in Sources */ = {isa = PBXBuildFile; fileRef = 2200F33F238251BE00615764 /* ViewController.swift */; };
		2200F343238251BE00615764 /* Main.storyboard in Resources */ = {isa = PBXBuildFile; fileRef = 2200F341238251BE00615764 /* Main.storyboard */; };
		2200F346238251BE00615764 /* GoodWeather_RxSwift.xcdatamodeld in Sources */ = {isa = PBXBuildFile; fileRef = 2200F344238251BE00615764 /* GoodWeather_RxSwift.xcdatamodeld */; };
		2200F348238251C000615764 /* Assets.xcassets in Resources */ = {isa = PBXBuildFile; fileRef = 2200F347238251C000615764 /* Assets.xcassets */; };
		2200F34B238251C000615764 /* LaunchScreen.storyboard in Resources */ = {isa = PBXBuildFile; fileRef = 2200F349238251C000615764 /* LaunchScreen.storyboard */; };
		2200F3532382531000615764 /* Constant.swift in Sources */ = {isa = PBXBuildFile; fileRef = 2200F3522382531000615764 /* Constant.swift */; };
/* End PBXBuildFile section */

/* Begin PBXFileReference section */
		2200F338238251BE00615764 /* GoodWeather_RxSwift.app */ = {isa = PBXFileReference; explicitFileType = wrapper.application; includeInIndex = 0; path = GoodWeather_RxSwift.app; sourceTree = BUILT_PRODUCTS_DIR; };
		2200F33B238251BE00615764 /* AppDelegate.swift */ = {isa = PBXFileReference; lastKnownFileType = sourcecode.swift; path = AppDelegate.swift; sourceTree = "<group>"; };
		2200F33D238251BE00615764 /* SceneDelegate.swift */ = {isa = PBXFileReference; lastKnownFileType = sourcecode.swift; path = SceneDelegate.swift; sourceTree = "<group>"; };
		2200F33F238251BE00615764 /* ViewController.swift */ = {isa = PBXFileReference; lastKnownFileType = sourcecode.swift; path = ViewController.swift; sourceTree = "<group>"; };
		2200F342238251BE00615764 /* Base */ = {isa = PBXFileReference; lastKnownFileType = file.storyboard; name = Base; path = Base.lproj/Main.storyboard; sourceTree = "<group>"; };
		2200F345238251BE00615764 /* GoodWeather_RxSwift.xcdatamodel */ = {isa = PBXFileReference; lastKnownFileType = wrapper.xcdatamodel; path = GoodWeather_RxSwift.xcdatamodel; sourceTree = "<group>"; };
		2200F347238251C000615764 /* Assets.xcassets */ = {isa = PBXFileReference; lastKnownFileType = folder.assetcatalog; path = Assets.xcassets; sourceTree = "<group>"; };
		2200F34A238251C000615764 /* Base */ = {isa = PBXFileReference; lastKnownFileType = file.storyboard; name = Base; path = Base.lproj/LaunchScreen.storyboard; sourceTree = "<group>"; };
		2200F34C238251C000615764 /* Info.plist */ = {isa = PBXFileReference; lastKnownFileType = text.plist.xml; path = Info.plist; sourceTree = "<group>"; };
		2200F3522382531000615764 /* Constant.swift */ = {isa = PBXFileReference; lastKnownFileType = sourcecode.swift; path = Constant.swift; sourceTree = "<group>"; };
/* End PBXFileReference section */

/* Begin PBXFrameworksBuildPhase section */
		2200F335238251BE00615764 /* Frameworks */ = {
			isa = PBXFrameworksBuildPhase;
			buildActionMask = 2147483647;
			files = (
			);
			runOnlyForDeploymentPostprocessing = 0;
		};
/* End PBXFrameworksBuildPhase section */

/* Begin PBXGroup section */
		2200F32F238251BE00615764 = {
			isa = PBXGroup;
			children = (
				2200F33A238251BE00615764 /* GoodWeather_RxSwift */,
				2200F339238251BE00615764 /* Products */,
			);
			sourceTree = "<group>";
		};
		2200F339238251BE00615764 /* Products */ = {
			isa = PBXGroup;
			children = (
				2200F338238251BE00615764 /* GoodWeather_RxSwift.app */,
			);
			name = Products;
			sourceTree = "<group>";
		};
		2200F33A238251BE00615764 /* GoodWeather_RxSwift */ = {
			isa = PBXGroup;
			children = (
				2200F33B238251BE00615764 /* AppDelegate.swift */,
				2200F33D238251BE00615764 /* SceneDelegate.swift */,
				2200F33F238251BE00615764 /* ViewController.swift */,
				2200F341238251BE00615764 /* Main.storyboard */,
				2200F347238251C000615764 /* Assets.xcassets */,
				2200F349238251C000615764 /* LaunchScreen.storyboard */,
				2200F34C238251C000615764 /* Info.plist */,
				2200F344238251BE00615764 /* GoodWeather_RxSwift.xcdatamodeld */,
				2200F3522382531000615764 /* Constant.swift */,
			);
			path = GoodWeather_RxSwift;
			sourceTree = "<group>";
		};
/* End PBXGroup section */

/* Begin PBXNativeTarget section */
		2200F337238251BE00615764 /* GoodWeather_RxSwift */ = {
			isa = PBXNativeTarget;
			buildConfigurationList = 2200F34F238251C000615764 /* Build configuration list for PBXNativeTarget "GoodWeather_RxSwift" */;
			buildPhases = (
				2200F334238251BE00615764 /* Sources */,
				2200F335238251BE00615764 /* Frameworks */,
				2200F336238251BE00615764 /* Resources */,
			);
			buildRules = (
			);
			dependencies = (
			);
			name = GoodWeather_RxSwift;
			productName = GoodWeather_RxSwift;
			productReference = 2200F338238251BE00615764 /* GoodWeather_RxSwift.app */;
			productType = "com.apple.product-type.application";
		};
/* End PBXNativeTarget section */

/* Begin PBXProject section */
		2200F330238251BE00615764 /* Project object */ = {
			isa = PBXProject;
			attributes = {
				LastSwiftUpdateCheck = 1100;
				LastUpgradeCheck = 1100;
				ORGANIZATIONNAME = "DONGGUN LEE";
				TargetAttributes = {
					2200F337238251BE00615764 = {
						CreatedOnToolsVersion = 11.0;
					};
				};
			};
			buildConfigurationList = 2200F333238251BE00615764 /* Build configuration list for PBXProject "GoodWeather_RxSwift" */;
			compatibilityVersion = "Xcode 9.3";
			developmentRegion = en;
			hasScannedForEncodings = 0;
			knownRegions = (
				en,
				Base,
			);
			mainGroup = 2200F32F238251BE00615764;
			productRefGroup = 2200F339238251BE00615764 /* Products */;
			projectDirPath = "";
			projectRoot = "";
			targets = (
				2200F337238251BE00615764 /* GoodWeather_RxSwift */,
			);
		};
/* End PBXProject section */

/* Begin PBXResourcesBuildPhase section */
		2200F336238251BE00615764 /* Resources */ = {
			isa = PBXResourcesBuildPhase;
			buildActionMask = 2147483647;
			files = (
				2200F34B238251C000615764 /* LaunchScreen.storyboard in Resources */,
				2200F348238251C000615764 /* Assets.xcassets in Resources */,
				2200F343238251BE00615764 /* Main.storyboard in Resources */,
			);
			runOnlyForDeploymentPostprocessing = 0;
		};
/* End PBXResourcesBuildPhase section */

/* Begin PBXSourcesBuildPhase section */
		2200F334238251BE00615764 /* Sources */ = {
			isa = PBXSourcesBuildPhase;
			buildActionMask = 2147483647;
			files = (
				2200F340238251BE00615764 /* ViewController.swift in Sources */,
				2200F33C238251BE00615764 /* AppDelegate.swift in Sources */,
				2200F3532382531000615764 /* Constant.swift in Sources */,
				2200F346238251BE00615764 /* GoodWeather_RxSwift.xcdatamodeld in Sources */,
				2200F33E238251BE00615764 /* SceneDelegate.swift in Sources */,
			);
			runOnlyForDeploymentPostprocessing = 0;
		};
/* End PBXSourcesBuildPhase section */

/* Begin PBXVariantGroup section */
		2200F341238251BE00615764 /* Main.storyboard */ = {
			isa = PBXVariantGroup;
			children = (
				2200F342238251BE00615764 /* Base */,
			);
			name = Main.storyboard;
			sourceTree = "<group>";
		};
		2200F349238251C000615764 /* LaunchScreen.storyboard */ = {
			isa = PBXVariantGroup;
			children = (
				2200F34A238251C000615764 /* Base */,
			);
			name = LaunchScreen.storyboard;
			sourceTree = "<group>";
		};
/* End PBXVariantGroup section */

/* Begin XCBuildConfiguration section */
		2200F34D238251C000615764 /* Debug */ = {
			isa = XCBuildConfiguration;
			buildSettings = {
				ALWAYS_SEARCH_USER_PATHS = NO;
				CLANG_ANALYZER_NONNULL = YES;
				CLANG_ANALYZER_NUMBER_OBJECT_CONVERSION = YES_AGGRESSIVE;
				CLANG_CXX_LANGUAGE_STANDARD = "gnu++14";
				CLANG_CXX_LIBRARY = "libc++";
				CLANG_ENABLE_MODULES = YES;
				CLANG_ENABLE_OBJC_ARC = YES;
				CLANG_ENABLE_OBJC_WEAK = YES;
				CLANG_WARN_BLOCK_CAPTURE_AUTORELEASING = YES;
				CLANG_WARN_BOOL_CONVERSION = YES;
				CLANG_WARN_COMMA = YES;
				CLANG_WARN_CONSTANT_CONVERSION = YES;
				CLANG_WARN_DEPRECATED_OBJC_IMPLEMENTATIONS = YES;
				CLANG_WARN_DIRECT_OBJC_ISA_USAGE = YES_ERROR;
				CLANG_WARN_DOCUMENTATION_COMMENTS = YES;
				CLANG_WARN_EMPTY_BODY = YES;
				CLANG_WARN_ENUM_CONVERSION = YES;
				CLANG_WARN_INFINITE_RECURSION = YES;
				CLANG_WARN_INT_CONVERSION = YES;
				CLANG_WARN_NON_LITERAL_NULL_CONVERSION = YES;
				CLANG_WARN_OBJC_IMPLICIT_RETAIN_SELF = YES;
				CLANG_WARN_OBJC_LITERAL_CONVERSION = YES;
				CLANG_WARN_OBJC_ROOT_CLASS = YES_ERROR;
				CLANG_WARN_RANGE_LOOP_ANALYSIS = YES;
				CLANG_WARN_STRICT_PROTOTYPES = YES;
				CLANG_WARN_SUSPICIOUS_MOVE = YES;
				CLANG_WARN_UNGUARDED_AVAILABILITY = YES_AGGRESSIVE;
				CLANG_WARN_UNREACHABLE_CODE = YES;
				CLANG_WARN__DUPLICATE_METHOD_MATCH = YES;
				COPY_PHASE_STRIP = NO;
				DEBUG_INFORMATION_FORMAT = dwarf;
				ENABLE_STRICT_OBJC_MSGSEND = YES;
				ENABLE_TESTABILITY = YES;
				GCC_C_LANGUAGE_STANDARD = gnu11;
				GCC_DYNAMIC_NO_PIC = NO;
				GCC_NO_COMMON_BLOCKS = YES;
				GCC_OPTIMIZATION_LEVEL = 0;
				GCC_PREPROCESSOR_DEFINITIONS = (
					"DEBUG=1",
					"$(inherited)",
				);
				GCC_WARN_64_TO_32_BIT_CONVERSION = YES;
				GCC_WARN_ABOUT_RETURN_TYPE = YES_ERROR;
				GCC_WARN_UNDECLARED_SELECTOR = YES;
				GCC_WARN_UNINITIALIZED_AUTOS = YES_AGGRESSIVE;
				GCC_WARN_UNUSED_FUNCTION = YES;
				GCC_WARN_UNUSED_VARIABLE = YES;
				IPHONEOS_DEPLOYMENT_TARGET = 13.0;
				MTL_ENABLE_DEBUG_INFO = INCLUDE_SOURCE;
				MTL_FAST_MATH = YES;
				ONLY_ACTIVE_ARCH = YES;
				SDKROOT = iphoneos;
				SWIFT_ACTIVE_COMPILATION_CONDITIONS = DEBUG;
				SWIFT_OPTIMIZATION_LEVEL = "-Onone";
			};
			name = Debug;
		};
		2200F34E238251C000615764 /* Release */ = {
			isa = XCBuildConfiguration;
			buildSettings = {
				ALWAYS_SEARCH_USER_PATHS = NO;
				CLANG_ANALYZER_NONNULL = YES;
				CLANG_ANALYZER_NUMBER_OBJECT_CONVERSION = YES_AGGRESSIVE;
				CLANG_CXX_LANGUAGE_STANDARD = "gnu++14";
				CLANG_CXX_LIBRARY = "libc++";
				CLANG_ENABLE_MODULES = YES;
				CLANG_ENABLE_OBJC_ARC = YES;
				CLANG_ENABLE_OBJC_WEAK = YES;
				CLANG_WARN_BLOCK_CAPTURE_AUTORELEASING = YES;
				CLANG_WARN_BOOL_CONVERSION = YES;
				CLANG_WARN_COMMA = YES;
				CLANG_WARN_CONSTANT_CONVERSION = YES;
				CLANG_WARN_DEPRECATED_OBJC_IMPLEMENTATIONS = YES;
				CLANG_WARN_DIRECT_OBJC_ISA_USAGE = YES_ERROR;
				CLANG_WARN_DOCUMENTATION_COMMENTS = YES;
				CLANG_WARN_EMPTY_BODY = YES;
				CLANG_WARN_ENUM_CONVERSION = YES;
				CLANG_WARN_INFINITE_RECURSION = YES;
				CLANG_WARN_INT_CONVERSION = YES;
				CLANG_WARN_NON_LITERAL_NULL_CONVERSION = YES;
				CLANG_WARN_OBJC_IMPLICIT_RETAIN_SELF = YES;
				CLANG_WARN_OBJC_LITERAL_CONVERSION = YES;
				CLANG_WARN_OBJC_ROOT_CLASS = YES_ERROR;
				CLANG_WARN_RANGE_LOOP_ANALYSIS = YES;
				CLANG_WARN_STRICT_PROTOTYPES = YES;
				CLANG_WARN_SUSPICIOUS_MOVE = YES;
				CLANG_WARN_UNGUARDED_AVAILABILITY = YES_AGGRESSIVE;
				CLANG_WARN_UNREACHABLE_CODE = YES;
				CLANG_WARN__DUPLICATE_METHOD_MATCH = YES;
				COPY_PHASE_STRIP = NO;
				DEBUG_INFORMATION_FORMAT = "dwarf-with-dsym";
				ENABLE_NS_ASSERTIONS = NO;
				ENABLE_STRICT_OBJC_MSGSEND = YES;
				GCC_C_LANGUAGE_STANDARD = gnu11;
				GCC_NO_COMMON_BLOCKS = YES;
				GCC_WARN_64_TO_32_BIT_CONVERSION = YES;
				GCC_WARN_ABOUT_RETURN_TYPE = YES_ERROR;
				GCC_WARN_UNDECLARED_SELECTOR = YES;
				GCC_WARN_UNINITIALIZED_AUTOS = YES_AGGRESSIVE;
				GCC_WARN_UNUSED_FUNCTION = YES;
				GCC_WARN_UNUSED_VARIABLE = YES;
				IPHONEOS_DEPLOYMENT_TARGET = 13.0;
				MTL_ENABLE_DEBUG_INFO = NO;
				MTL_FAST_MATH = YES;
				SDKROOT = iphoneos;
				SWIFT_COMPILATION_MODE = wholemodule;
				SWIFT_OPTIMIZATION_LEVEL = "-O";
				VALIDATE_PRODUCT = YES;
			};
			name = Release;
		};
		2200F350238251C000615764 /* Debug */ = {
			isa = XCBuildConfiguration;
			buildSettings = {
				ASSETCATALOG_COMPILER_APPICON_NAME = AppIcon;
				CODE_SIGN_STYLE = Automatic;
				DEVELOPMENT_TEAM = DE97A6B9N7;
				INFOPLIST_FILE = GoodWeather_RxSwift/Info.plist;
				LD_RUNPATH_SEARCH_PATHS = (
					"$(inherited)",
					"@executable_path/Frameworks",
				);
				PRODUCT_BUNDLE_IDENTIFIER = "LDG.GoodWeather-RxSwift";
				PRODUCT_NAME = "$(TARGET_NAME)";
				SWIFT_VERSION = 5.0;
				TARGETED_DEVICE_FAMILY = "1,2";
			};
			name = Debug;
		};
		2200F351238251C000615764 /* Release */ = {
			isa = XCBuildConfiguration;
			buildSettings = {
				ASSETCATALOG_COMPILER_APPICON_NAME = AppIcon;
				CODE_SIGN_STYLE = Automatic;
				DEVELOPMENT_TEAM = DE97A6B9N7;
				INFOPLIST_FILE = GoodWeather_RxSwift/Info.plist;
				LD_RUNPATH_SEARCH_PATHS = (
					"$(inherited)",
					"@executable_path/Frameworks",
				);
				PRODUCT_BUNDLE_IDENTIFIER = "LDG.GoodWeather-RxSwift";
				PRODUCT_NAME = "$(TARGET_NAME)";
				SWIFT_VERSION = 5.0;
				TARGETED_DEVICE_FAMILY = "1,2";
			};
			name = Release;
		};
/* End XCBuildConfiguration section */

/* Begin XCConfigurationList section */
		2200F333238251BE00615764 /* Build configuration list for PBXProject "GoodWeather_RxSwift" */ = {
			isa = XCConfigurationList;
			buildConfigurations = (
				2200F34D238251C000615764 /* Debug */,
				2200F34E238251C000615764 /* Release */,
			);
			defaultConfigurationIsVisible = 0;
			defaultConfigurationName = Release;
		};
		2200F34F238251C000615764 /* Build configuration list for PBXNativeTarget "GoodWeather_RxSwift" */ = {
			isa = XCConfigurationList;
			buildConfigurations = (
				2200F350238251C000615764 /* Debug */,
				2200F351238251C000615764 /* Release */,
			);
			defaultConfigurationIsVisible = 0;
			defaultConfigurationName = Release;
		};
/* End XCConfigurationList section */

/* Begin XCVersionGroup section */
		2200F344238251BE00615764 /* GoodWeather_RxSwift.xcdatamodeld */ = {
			isa = XCVersionGroup;
			children = (
				2200F345238251BE00615764 /* GoodWeather_RxSwift.xcdatamodel */,
			);
			currentVersion = 2200F345238251BE00615764 /* GoodWeather_RxSwift.xcdatamodel */;
			path = GoodWeather_RxSwift.xcdatamodeld;
			sourceTree = "<group>";
			versionGroupType = wrapper.xcdatamodel;
		};
/* End XCVersionGroup section */
	};
	rootObject = 2200F330238251BE00615764 /* Project object */;
}
